// !$*UTF8*$!
{
	archiveVersion = 1;
	classes = {
	};
	objectVersion = 46;
	objects = {

/* Begin PBXBuildFile section */
		B66A9FA81CF6182500ADCD31 /* AppDelegate.swift in Sources */ = {isa = PBXBuildFile; fileRef = B66A9FA71CF6182500ADCD31 /* AppDelegate.swift */; };
		B66A9FAA1CF6182500ADCD31 /* ViewController.swift in Sources */ = {isa = PBXBuildFile; fileRef = B66A9FA91CF6182500ADCD31 /* ViewController.swift */; };
		B66A9FAD1CF6182500ADCD31 /* Main.storyboard in Resources */ = {isa = PBXBuildFile; fileRef = B66A9FAB1CF6182500ADCD31 /* Main.storyboard */; };
		B66A9FAF1CF6182500ADCD31 /* Assets.xcassets in Resources */ = {isa = PBXBuildFile; fileRef = B66A9FAE1CF6182500ADCD31 /* Assets.xcassets */; };
		B66A9FB21CF6182500ADCD31 /* LaunchScreen.storyboard in Resources */ = {isa = PBXBuildFile; fileRef = B66A9FB01CF6182500ADCD31 /* LaunchScreen.storyboard */; };
/* End PBXBuildFile section */

/* Begin PBXFileReference section */
		B66A9FA41CF6182500ADCD31 /* testing.app */ = {isa = PBXFileReference; explicitFileType = wrapper.application; includeInIndex = 0; path = testing.app; sourceTree = BUILT_PRODUCTS_DIR; };
		B66A9FA71CF6182500ADCD31 /* AppDelegate.swift */ = {isa = PBXFileReference; lastKnownFileType = sourcecode.swift; path = AppDelegate.swift; sourceTree = "<group>"; };
		B66A9FA91CF6182500ADCD31 /* ViewController.swift */ = {isa = PBXFileReference; lastKnownFileType = sourcecode.swift; path = ViewController.swift; sourceTree = "<group>"; };
		B66A9FAC1CF6182500ADCD31 /* Base */ = {isa = PBXFileReference; lastKnownFileType = file.storyboard; name = Base; path = Base.lproj/Main.storyboard; sourceTree = "<group>"; };
		B66A9FAE1CF6182500ADCD31 /* Assets.xcassets */ = {isa = PBXFileReference; lastKnownFileType = folder.assetcatalog; path = Assets.xcassets; sourceTree = "<group>"; };
		B66A9FB11CF6182500ADCD31 /* Base */ = {isa = PBXFileReference; lastKnownFileType = file.storyboard; name = Base; path = Base.lproj/LaunchScreen.storyboard; sourceTree = "<group>"; };
		B66A9FB31CF6182500ADCD31 /* Info.plist */ = {isa = PBXFileReference; lastKnownFileType = text.plist.xml; path = Info.plist; sourceTree = "<group>"; };
/* End PBXFileReference section */

/* Begin PBXFrameworksBuildPhase section */
		B66A9FA11CF6182500ADCD31 /* Frameworks */ = {
			isa = PBXFrameworksBuildPhase;
			buildActionMask = 2147483647;
			files = (
			);
			runOnlyForDeploymentPostprocessing = 0;
		};
/* End PBXFrameworksBuildPhase section */

/* Begin PBXGroup section */
		B66A9F9B1CF6182500ADCD31 = {
			isa = PBXGroup;
			children = (
				B66A9FA61CF6182500ADCD31 /* testing */,
				B66A9FA51CF6182500ADCD31 /* Products */,
			);
			sourceTree = "<group>";
		};
		B66A9FA51CF6182500ADCD31 /* Products */ = {
			isa = PBXGroup;
			children = (
				B66A9FA41CF6182500ADCD31 /* testing.app */,
			);
			name = Products;
			sourceTree = "<group>";
		};
		B66A9FA61CF6182500ADCD31 /* testing */ = {
			isa = PBXGroup;
			children = (
				B66A9FA71CF6182500ADCD31 /* AppDelegate.swift */,
				B66A9FA91CF6182500ADCD31 /* ViewController.swift */,
				B66A9FAB1CF6182500ADCD31 /* Main.storyboard */,
				B66A9FAE1CF6182500ADCD31 /* Assets.xcassets */,
				B66A9FB01CF6182500ADCD31 /* LaunchScreen.storyboard */,
				B66A9FB31CF6182500ADCD31 /* Info.plist */,
			);
			path = testing;
			sourceTree = "<group>";
		};
/* End PBXGroup section */

/* Begin PBXNativeTarget section */
		B66A9FA31CF6182500ADCD31 /* testing */ = {
			isa = PBXNativeTarget;
			buildConfigurationList = B66A9FB61CF6182500ADCD31 /* Build configuration list for PBXNativeTarget "testing" */;
			buildPhases = (
				B66A9FA01CF6182500ADCD31 /* Sources */,
				B66A9FA11CF6182500ADCD31 /* Frameworks */,
				B66A9FA21CF6182500ADCD31 /* Resources */,
			);
			buildRules = (
			);
			dependencies = (
			);
			name = testing;
			productName = testing;
			productReference = B66A9FA41CF6182500ADCD31 /* testing.app */;
			productType = "com.apple.product-type.application";
		};
/* End PBXNativeTarget section */

/* Begin PBXProject section */
		B66A9F9C1CF6182500ADCD31 /* Project object */ = {
			isa = PBXProject;
			attributes = {
				LastSwiftUpdateCheck = 0730;
				LastUpgradeCheck = 0730;
				ORGANIZATIONNAME = Dominic;
				TargetAttributes = {
					B66A9FA31CF6182500ADCD31 = {
						CreatedOnToolsVersion = 7.3.1;
						DevelopmentTeam = RELMKE36QQ;
					};
				};
			};
			buildConfigurationList = B66A9F9F1CF6182500ADCD31 /* Build configuration list for PBXProject "testing" */;
			compatibilityVersion = "Xcode 3.2";
			developmentRegion = English;
			hasScannedForEncodings = 0;
			knownRegions = (
				en,
				Base,
			);
			mainGroup = B66A9F9B1CF6182500ADCD31;
			productRefGroup = B66A9FA51CF6182500ADCD31 /* Products */;
			projectDirPath = "";
			projectRoot = "";
			targets = (
				B66A9FA31CF6182500ADCD31 /* testing */,
			);
		};
/* End PBXProject section */

/* Begin PBXResourcesBuildPhase section */
		B66A9FA21CF6182500ADCD31 /* Resources */ = {
			isa = PBXResourcesBuildPhase;
			buildActionMask = 2147483647;
			files = (
				B66A9FB21CF6182500ADCD31 /* LaunchScreen.storyboard in Resources */,
				B66A9FAF1CF6182500ADCD31 /* Assets.xcassets in Resources */,
				B66A9FAD1CF6182500ADCD31 /* Main.storyboard in Resources */,
			);
			runOnlyForDeploymentPostprocessing = 0;
		};
/* End PBXResourcesBuildPhase section */

/* Begin PBXSourcesBuildPhase section */
		B66A9FA01CF6182500ADCD31 /* Sources */ = {
			isa = PBXSourcesBuildPhase;
			buildActionMask = 2147483647;
			files = (
				B66A9FAA1CF6182500ADCD31 /* ViewController.swift in Sources */,
				B66A9FA81CF6182500ADCD31 /* AppDelegate.swift in Sources */,
			);
			runOnlyForDeploymentPostprocessing = 0;
		};
/* End PBXSourcesBuildPhase section */

/* Begin PBXVariantGroup section */
		B66A9FAB1CF6182500ADCD31 /* Main.storyboard */ = {
			isa = PBXVariantGroup;
			children = (
				B66A9FAC1CF6182500ADCD31 /* Base */,
			);
			name = Main.storyboard;
			sourceTree = "<group>";
		};
		B66A9FB01CF6182500ADCD31 /* LaunchScreen.storyboard */ = {
			isa = PBXVariantGroup;
			children = (
				B66A9FB11CF6182500ADCD31 /* Base */,
			);
			name = LaunchScreen.storyboard;
			sourceTree = "<group>";
		};
/* End PBXVariantGroup section */

/* Begin XCBuildConfiguration section */
		B66A9FB41CF6182500ADCD31 /* Debug */ = {
			isa = XCBuildConfiguration;
			buildSettings = {
				ALWAYS_SEARCH_USER_PATHS = NO;
				CLANG_ANALYZER_NONNULL = YES;
				CLANG_CXX_LANGUAGE_STANDARD = "gnu++0x";
				CLANG_CXX_LIBRARY = "libc++";
				CLANG_ENABLE_MODULES = YES;
				CLANG_ENABLE_OBJC_ARC = YES;
				CLANG_WARN_BOOL_CONVERSION = YES;
				CLANG_WARN_CONSTANT_CONVERSION = YES;
				CLANG_WARN_DIRECT_OBJC_ISA_USAGE = YES_ERROR;
				CLANG_WARN_EMPTY_BODY = YES;
				CLANG_WARN_ENUM_CONVERSION = YES;
				CLANG_WARN_INT_CONVERSION = YES;
				CLANG_WARN_OBJC_ROOT_CLASS = YES_ERROR;
				CLANG_WARN_UNREACHABLE_CODE = YES;
				CLANG_WARN__DUPLICATE_METHOD_MATCH = YES;
				"CODE_SIGN_IDENTITY[sdk=iphoneos*]" = "iPhone Developer";
				COPY_PHASE_STRIP = NO;
				DEBUG_INFORMATION_FORMAT = dwarf;
				ENABLE_STRICT_OBJC_MSGSEND = YES;
				ENABLE_TESTABILITY = YES;
				GCC_C_LANGUAGE_STANDARD = gnu99;
				GCC_DYNAMIC_NO_PIC = NO;
				GCC_NO_COMMON_BLOCKS = YES;
				GCC_OPTIMIZATION_LEVEL = 0;
				GCC_PREPROCESSOR_DEFINITIONS = (
					"DEBUG=1",
					"$(inherited)",
				);
				GCC_WARN_64_TO_32_BIT_CONVERSION = YES;
				GCC_WARN_ABOUT_RETURN_TYPE = YES_ERROR;
				GCC_WARN_UNDECLARED_SELECTOR = YES;
				GCC_WARN_UNINITIALIZED_AUTOS = YES_AGGRESSIVE;
				GCC_WARN_UNUSED_FUNCTION = YES;
				GCC_WARN_UNUSED_VARIABLE = YES;
				IPHONEOS_DEPLOYMENT_TARGET = 9.3;
				MTL_ENABLE_DEBUG_INFO = YES;
				ONLY_ACTIVE_ARCH = YES;
				SDKROOT = iphoneos;
				SWIFT_OPTIMIZATION_LEVEL = "-Onone";
			};
			name = Debug;
		};
		B66A9FB51CF6182500ADCD31 /* Release */ = {
			isa = XCBuildConfiguration;
			buildSettings = {
				ALWAYS_SEARCH_USER_PATHS = NO;
				CLANG_ANALYZER_NONNULL = YES;
				CLANG_CXX_LANGUAGE_STANDARD = "gnu++0x";
				CLANG_CXX_LIBRARY = "libc++";
				CLANG_ENABLE_MODULES = YES;
				CLANG_ENABLE_OBJC_ARC = YES;
				CLANG_WARN_BOOL_CONVERSION = YES;
				CLANG_WARN_CONSTANT_CONVERSION = YES;
				CLANG_WARN_DIRECT_OBJC_ISA_USAGE = YES_ERROR;
				CLANG_WARN_EMPTY_BODY = YES;
				CLANG_WARN_ENUM_CONVERSION = YES;
				CLANG_WARN_INT_CONVERSION = YES;
				CLANG_WARN_OBJC_ROOT_CLASS = YES_ERROR;
				CLANG_WARN_UNREACHABLE_CODE = YES;
				CLANG_WARN__DUPLICATE_METHOD_MATCH = YES;
				"CODE_SIGN_IDENTITY[sdk=iphoneos*]" = "iPhone Developer";
				COPY_PHASE_STRIP = NO;
				DEBUG_INFORMATION_FORMAT = "dwarf-with-dsym";
				ENABLE_NS_ASSERTIONS = NO;
				ENABLE_STRICT_OBJC_MSGSEND = YES;
				GCC_C_LANGUAGE_STANDARD = gnu99;
				GCC_NO_COMMON_BLOCKS = YES;
				GCC_WARN_64_TO_32_BIT_CONVERSION = YES;
				GCC_WARN_ABOUT_RETURN_TYPE = YES_ERROR;
				GCC_WARN_UNDECLARED_SELECTOR = YES;
				GCC_WARN_UNINITIALIZED_AUTOS = YES_AGGRESSIVE;
				GCC_WARN_UNUSED_FUNCTION = YES;
				GCC_WARN_UNUSED_VARIABLE = YES;
				IPHONEOS_DEPLOYMENT_TARGET = 9.3;
				MTL_ENABLE_DEBUG_INFO = NO;
				SDKROOT = iphoneos;
				VALIDATE_PRODUCT = YES;
			};
			name = Release;
		};
		B66A9FB71CF6182500ADCD31 /* Debug */ = {
			isa = XCBuildConfiguration;
			buildSettings = {
				ASSETCATALOG_COMPILER_APPICON_NAME = AppIcon;
				INFOPLIST_FILE = testing/Info.plist;
				LD_RUNPATH_SEARCH_PATHS = "$(inherited) @executable_path/Frameworks";
				PRODUCT_BUNDLE_IDENTIFIER = com.dominic.testing;
				PRODUCT_NAME = "$(TARGET_NAME)";
			};
			name = Debug;
		};
		B66A9FB81CF6182500ADCD31 /* Release */ = {
			isa = XCBuildConfiguration;
			buildSettings = {
				ASSETCATALOG_COMPILER_APPICON_NAME = AppIcon;
				INFOPLIST_FILE = testing/Info.plist;
				LD_RUNPATH_SEARCH_PATHS = "$(inherited) @executable_path/Frameworks";
				PRODUCT_BUNDLE_IDENTIFIER = com.dominic.testing;
				PRODUCT_NAME = "$(TARGET_NAME)";
			};
			name = Release;
		};
/* End XCBuildConfiguration section */

/* Begin XCConfigurationList section */
		B66A9F9F1CF6182500ADCD31 /* Build configuration list for PBXProject "testing" */ = {
			isa = XCConfigurationList;
			buildConfigurations = (
				B66A9FB41CF6182500ADCD31 /* Debug */,
				B66A9FB51CF6182500ADCD31 /* Release */,
			);
			defaultConfigurationIsVisible = 0;
			defaultConfigurationName = Release;
		};
		B66A9FB61CF6182500ADCD31 /* Build configuration list for PBXNativeTarget "testing" */ = {
			isa = XCConfigurationList;
			buildConfigurations = (
				B66A9FB71CF6182500ADCD31 /* Debug */,
				B66A9FB81CF6182500ADCD31 /* Release */,
			);
			defaultConfigurationIsVisible = 0;
		};
/* End XCConfigurationList section */
	};
	rootObject = B66A9F9C1CF6182500ADCD31 /* Project object */;
}
